
Microsoft Visual Studio Solution File, Format Version 12.00
# Visual Studio 15
VisualStudioVersion = 15.0.26124.0
MinimumVisualStudioVersion = 15.0.26124.0
Project("{2150E333-8FDC-42A3-9474-1A3956D46DE8}") = "src", "src", "{F9200F77-DFE7-4229-A156-3333C1996486}"
EndProject
Project("{FAE04EC0-301F-11D3-BF4B-00C04F79EFBC}") = "Kontena.ProductService", "src\Kontena.ProductService\Kontena.ProductService.csproj", "{531FF0B3-C8B0-4DFC-9821-9F455A35D174}"
EndProject
Project("{FAE04EC0-301F-11D3-BF4B-00C04F79EFBC}") = "Kontena.EventSourcing", "src\Kontena.EventSourcing\Kontena.EventSourcing.csproj", "{30A35935-28E1-4081-81C3-67F438CD6297}"
EndProject
Project("{FAE04EC0-301F-11D3-BF4B-00C04F79EFBC}") = "Kontena.PurchaseService", "src\Kontena.PurchaseService\Kontena.PurchaseService.csproj", "{8A06C1F0-5CF4-478A-910D-D4486948382A}"
EndProject
Project("{FAE04EC0-301F-11D3-BF4B-00C04F79EFBC}") = "Kontena.CustomerService", "src\Kontena.CustomerService\Kontena.CustomerService.csproj", "{30D5EB4C-D3EF-4198-A8AB-77EA49685EF9}"
EndProject
Project("{FAE04EC0-301F-11D3-BF4B-00C04F79EFBC}") = "Kontena.Dashboard", "src\Kontena.Dashboard\Kontena.Dashboard.csproj", "{B286570D-E466-4F54-B614-E91B9F2E44B1}"
EndProject
Global
	GlobalSection(SolutionConfigurationPlatforms) = preSolution
		Debug|Any CPU = Debug|Any CPU
		Debug|x64 = Debug|x64
		Debug|x86 = Debug|x86
		Release|Any CPU = Release|Any CPU
		Release|x64 = Release|x64
		Release|x86 = Release|x86
	EndGlobalSection
	GlobalSection(SolutionProperties) = preSolution
		HideSolutionNode = FALSE
	EndGlobalSection
	GlobalSection(ProjectConfigurationPlatforms) = postSolution
		{531FF0B3-C8B0-4DFC-9821-9F455A35D174}.Debug|Any CPU.ActiveCfg = Debug|Any CPU
		{531FF0B3-C8B0-4DFC-9821-9F455A35D174}.Debug|Any CPU.Build.0 = Debug|Any CPU
		{531FF0B3-C8B0-4DFC-9821-9F455A35D174}.Debug|x64.ActiveCfg = Debug|x64
		{531FF0B3-C8B0-4DFC-9821-9F455A35D174}.Debug|x64.Build.0 = Debug|x64
		{531FF0B3-C8B0-4DFC-9821-9F455A35D174}.Debug|x86.ActiveCfg = Debug|x86
		{531FF0B3-C8B0-4DFC-9821-9F455A35D174}.Debug|x86.Build.0 = Debug|x86
		{531FF0B3-C8B0-4DFC-9821-9F455A35D174}.Release|Any CPU.ActiveCfg = Release|Any CPU
		{531FF0B3-C8B0-4DFC-9821-9F455A35D174}.Release|Any CPU.Build.0 = Release|Any CPU
		{531FF0B3-C8B0-4DFC-9821-9F455A35D174}.Release|x64.ActiveCfg = Release|x64
		{531FF0B3-C8B0-4DFC-9821-9F455A35D174}.Release|x64.Build.0 = Release|x64
		{531FF0B3-C8B0-4DFC-9821-9F455A35D174}.Release|x86.ActiveCfg = Release|x86
		{531FF0B3-C8B0-4DFC-9821-9F455A35D174}.Release|x86.Build.0 = Release|x86
		{0D3686EB-A330-4FD0-87EE-AE62CDA0B01A}.Debug|Any CPU.ActiveCfg = Debug|Any CPU
		{0D3686EB-A330-4FD0-87EE-AE62CDA0B01A}.Debug|Any CPU.Build.0 = Debug|Any CPU
		{0D3686EB-A330-4FD0-87EE-AE62CDA0B01A}.Debug|x64.ActiveCfg = Debug|x64
		{0D3686EB-A330-4FD0-87EE-AE62CDA0B01A}.Debug|x64.Build.0 = Debug|x64
		{0D3686EB-A330-4FD0-87EE-AE62CDA0B01A}.Debug|x86.ActiveCfg = Debug|x86
		{0D3686EB-A330-4FD0-87EE-AE62CDA0B01A}.Debug|x86.Build.0 = Debug|x86
		{0D3686EB-A330-4FD0-87EE-AE62CDA0B01A}.Release|Any CPU.ActiveCfg = Release|Any CPU
		{0D3686EB-A330-4FD0-87EE-AE62CDA0B01A}.Release|Any CPU.Build.0 = Release|Any CPU
		{0D3686EB-A330-4FD0-87EE-AE62CDA0B01A}.Release|x64.ActiveCfg = Release|x64
		{0D3686EB-A330-4FD0-87EE-AE62CDA0B01A}.Release|x64.Build.0 = Release|x64
		{0D3686EB-A330-4FD0-87EE-AE62CDA0B01A}.Release|x86.ActiveCfg = Release|x86
		{0D3686EB-A330-4FD0-87EE-AE62CDA0B01A}.Release|x86.Build.0 = Release|x86
		{30A35935-28E1-4081-81C3-67F438CD6297}.Debug|Any CPU.ActiveCfg = Debug|Any CPU
		{30A35935-28E1-4081-81C3-67F438CD6297}.Debug|Any CPU.Build.0 = Debug|Any CPU
		{30A35935-28E1-4081-81C3-67F438CD6297}.Debug|x64.ActiveCfg = Debug|x64
		{30A35935-28E1-4081-81C3-67F438CD6297}.Debug|x64.Build.0 = Debug|x64
		{30A35935-28E1-4081-81C3-67F438CD6297}.Debug|x86.ActiveCfg = Debug|x86
		{30A35935-28E1-4081-81C3-67F438CD6297}.Debug|x86.Build.0 = Debug|x86
		{30A35935-28E1-4081-81C3-67F438CD6297}.Release|Any CPU.ActiveCfg = Release|Any CPU
		{30A35935-28E1-4081-81C3-67F438CD6297}.Release|Any CPU.Build.0 = Release|Any CPU
		{30A35935-28E1-4081-81C3-67F438CD6297}.Release|x64.ActiveCfg = Release|x64
		{30A35935-28E1-4081-81C3-67F438CD6297}.Release|x64.Build.0 = Release|x64
		{30A35935-28E1-4081-81C3-67F438CD6297}.Release|x86.ActiveCfg = Release|x86
		{30A35935-28E1-4081-81C3-67F438CD6297}.Release|x86.Build.0 = Release|x86
		{8A06C1F0-5CF4-478A-910D-D4486948382A}.Debug|Any CPU.ActiveCfg = Debug|Any CPU
		{8A06C1F0-5CF4-478A-910D-D4486948382A}.Debug|Any CPU.Build.0 = Debug|Any CPU
		{8A06C1F0-5CF4-478A-910D-D4486948382A}.Debug|x64.ActiveCfg = Debug|x64
		{8A06C1F0-5CF4-478A-910D-D4486948382A}.Debug|x64.Build.0 = Debug|x64
		{8A06C1F0-5CF4-478A-910D-D4486948382A}.Debug|x86.ActiveCfg = Debug|x86
		{8A06C1F0-5CF4-478A-910D-D4486948382A}.Debug|x86.Build.0 = Debug|x86
		{8A06C1F0-5CF4-478A-910D-D4486948382A}.Release|Any CPU.ActiveCfg = Release|Any CPU
		{8A06C1F0-5CF4-478A-910D-D4486948382A}.Release|Any CPU.Build.0 = Release|Any CPU
		{8A06C1F0-5CF4-478A-910D-D4486948382A}.Release|x64.ActiveCfg = Release|x64
		{8A06C1F0-5CF4-478A-910D-D4486948382A}.Release|x64.Build.0 = Release|x64
		{8A06C1F0-5CF4-478A-910D-D4486948382A}.Release|x86.ActiveCfg = Release|x86
		{8A06C1F0-5CF4-478A-910D-D4486948382A}.Release|x86.Build.0 = Release|x86
		{8A359ED0-9DAC-4D80-8DB8-8C98A697FAC0}.Debug|Any CPU.ActiveCfg = Debug|Any CPU
		{8A359ED0-9DAC-4D80-8DB8-8C98A697FAC0}.Debug|Any CPU.Build.0 = Debug|Any CPU
		{8A359ED0-9DAC-4D80-8DB8-8C98A697FAC0}.Debug|x64.ActiveCfg = Debug|x64
		{8A359ED0-9DAC-4D80-8DB8-8C98A697FAC0}.Debug|x64.Build.0 = Debug|x64
		{8A359ED0-9DAC-4D80-8DB8-8C98A697FAC0}.Debug|x86.ActiveCfg = Debug|x86
		{8A359ED0-9DAC-4D80-8DB8-8C98A697FAC0}.Debug|x86.Build.0 = Debug|x86
		{8A359ED0-9DAC-4D80-8DB8-8C98A697FAC0}.Release|Any CPU.ActiveCfg = Release|Any CPU
		{8A359ED0-9DAC-4D80-8DB8-8C98A697FAC0}.Release|Any CPU.Build.0 = Release|Any CPU
		{8A359ED0-9DAC-4D80-8DB8-8C98A697FAC0}.Release|x64.ActiveCfg = Release|x64
		{8A359ED0-9DAC-4D80-8DB8-8C98A697FAC0}.Release|x64.Build.0 = Release|x64
		{8A359ED0-9DAC-4D80-8DB8-8C98A697FAC0}.Release|x86.ActiveCfg = Release|x86
		{8A359ED0-9DAC-4D80-8DB8-8C98A697FAC0}.Release|x86.Build.0 = Release|x86
		{30D5EB4C-D3EF-4198-A8AB-77EA49685EF9}.Debug|Any CPU.ActiveCfg = Debug|Any CPU
		{30D5EB4C-D3EF-4198-A8AB-77EA49685EF9}.Debug|Any CPU.Build.0 = Debug|Any CPU
		{30D5EB4C-D3EF-4198-A8AB-77EA49685EF9}.Debug|x64.ActiveCfg = Debug|x64
		{30D5EB4C-D3EF-4198-A8AB-77EA49685EF9}.Debug|x64.Build.0 = Debug|x64
		{30D5EB4C-D3EF-4198-A8AB-77EA49685EF9}.Debug|x86.ActiveCfg = Debug|x86
		{30D5EB4C-D3EF-4198-A8AB-77EA49685EF9}.Debug|x86.Build.0 = Debug|x86
		{30D5EB4C-D3EF-4198-A8AB-77EA49685EF9}.Release|Any CPU.ActiveCfg = Release|Any CPU
		{30D5EB4C-D3EF-4198-A8AB-77EA49685EF9}.Release|Any CPU.Build.0 = Release|Any CPU
		{30D5EB4C-D3EF-4198-A8AB-77EA49685EF9}.Release|x64.ActiveCfg = Release|x64
		{30D5EB4C-D3EF-4198-A8AB-77EA49685EF9}.Release|x64.Build.0 = Release|x64
		{30D5EB4C-D3EF-4198-A8AB-77EA49685EF9}.Release|x86.ActiveCfg = Release|x86
		{30D5EB4C-D3EF-4198-A8AB-77EA49685EF9}.Release|x86.Build.0 = Release|x86
		{B286570D-E466-4F54-B614-E91B9F2E44B1}.Debug|Any CPU.ActiveCfg = Debug|Any CPU
		{B286570D-E466-4F54-B614-E91B9F2E44B1}.Debug|Any CPU.Build.0 = Debug|Any CPU
		{B286570D-E466-4F54-B614-E91B9F2E44B1}.Debug|x64.ActiveCfg = Debug|x64
		{B286570D-E466-4F54-B614-E91B9F2E44B1}.Debug|x64.Build.0 = Debug|x64
		{B286570D-E466-4F54-B614-E91B9F2E44B1}.Debug|x86.ActiveCfg = Debug|x86
		{B286570D-E466-4F54-B614-E91B9F2E44B1}.Debug|x86.Build.0 = Debug|x86
		{B286570D-E466-4F54-B614-E91B9F2E44B1}.Release|Any CPU.ActiveCfg = Release|Any CPU
		{B286570D-E466-4F54-B614-E91B9F2E44B1}.Release|Any CPU.Build.0 = Release|Any CPU
		{B286570D-E466-4F54-B614-E91B9F2E44B1}.Release|x64.ActiveCfg = Release|x64
		{B286570D-E466-4F54-B614-E91B9F2E44B1}.Release|x64.Build.0 = Release|x64
		{B286570D-E466-4F54-B614-E91B9F2E44B1}.Release|x86.ActiveCfg = Release|x86
		{B286570D-E466-4F54-B614-E91B9F2E44B1}.Release|x86.Build.0 = Release|x86
	EndGlobalSection
	GlobalSection(NestedProjects) = preSolution
		{531FF0B3-C8B0-4DFC-9821-9F455A35D174} = {F9200F77-DFE7-4229-A156-3333C1996486}
		{30A35935-28E1-4081-81C3-67F438CD6297} = {F9200F77-DFE7-4229-A156-3333C1996486}
		{8A06C1F0-5CF4-478A-910D-D4486948382A} = {F9200F77-DFE7-4229-A156-3333C1996486}
		{30D5EB4C-D3EF-4198-A8AB-77EA49685EF9} = {F9200F77-DFE7-4229-A156-3333C1996486}
		{B286570D-E466-4F54-B614-E91B9F2E44B1} = {F9200F77-DFE7-4229-A156-3333C1996486}
	EndGlobalSection
EndGlobal
